// !$*UTF8*$!
{
	archiveVersion = 1;
	classes = {
	};
	objectVersion = 56;
	objects = {

/* Begin PBXBuildFile section */
		7A5CF8E82BDAB4960073A3CE /* GameViewDataSource.swift in Sources */ = {isa = PBXBuildFile; fileRef = 7A5CF8E72BDAB4960073A3CE /* GameViewDataSource.swift */; };
		7A5CF8EB2BDAB5FE0073A3CE /* GameCollectionViewCell.swift in Sources */ = {isa = PBXBuildFile; fileRef = 7A5CF8EA2BDAB5FE0073A3CE /* GameCollectionViewCell.swift */; };
		7A5CF8EF2BDABD530073A3CE /* UIView.swift in Sources */ = {isa = PBXBuildFile; fileRef = 7A5CF8EE2BDABD530073A3CE /* UIView.swift */; };
		7A5CF8F22BDABE110073A3CE /* GameState.swift in Sources */ = {isa = PBXBuildFile; fileRef = 7A5CF8F12BDABE110073A3CE /* GameState.swift */; };
		7A5CF8F82BDB7F710073A3CE /* win-animation.json in Resources */ = {isa = PBXBuildFile; fileRef = 7A5CF8F72BDB7F710073A3CE /* win-animation.json */; };
		7A5CF8FC2BDB86E90073A3CE /* win-animation-2.json in Resources */ = {isa = PBXBuildFile; fileRef = 7A5CF8FB2BDB86E90073A3CE /* win-animation-2.json */; };
		7A5CF9002BDB908D0073A3CE /* PickingQtyView.swift in Sources */ = {isa = PBXBuildFile; fileRef = 7A5CF8FF2BDB908D0073A3CE /* PickingQtyView.swift */; };
		7A5CF9022BDB90AD0073A3CE /* PickingQtyXib.xib in Resources */ = {isa = PBXBuildFile; fileRef = 7A5CF9012BDB90AD0073A3CE /* PickingQtyXib.xib */; };
		7A5CF9052BDB965D0073A3CE /* GuessGridTableViewController.swift in Sources */ = {isa = PBXBuildFile; fileRef = 7A5CF9042BDB965D0073A3CE /* GuessGridTableViewController.swift */; };
		7A5CF9072BDBA6240073A3CE /* GuessGridContainerVC.swift in Sources */ = {isa = PBXBuildFile; fileRef = 7A5CF9062BDBA6240073A3CE /* GuessGridContainerVC.swift */; };
		7A5CF9092BDBA9C00073A3CE /* HomeViewController.swift in Sources */ = {isa = PBXBuildFile; fileRef = 7A5CF9082BDBA9C00073A3CE /* HomeViewController.swift */; };
		7A5CF90B2BDBAD810073A3CE /* GenerateGridVC.swift in Sources */ = {isa = PBXBuildFile; fileRef = 7A5CF90A2BDBAD810073A3CE /* GenerateGridVC.swift */; };
		7A5CF90E2BDBC7150073A3CE /* RealmManager.swift in Sources */ = {isa = PBXBuildFile; fileRef = 7A5CF90D2BDBC7150073A3CE /* RealmManager.swift */; };
		7A6BBD122BDAA60A00262690 /* AppDelegate.swift in Sources */ = {isa = PBXBuildFile; fileRef = 7A6BBD112BDAA60A00262690 /* AppDelegate.swift */; };
		7A6BBD192BDAA60A00262690 /* Base in Resources */ = {isa = PBXBuildFile; fileRef = 7A6BBD182BDAA60A00262690 /* Base */; };
		7A6BBD1B2BDAA60B00262690 /* Assets.xcassets in Resources */ = {isa = PBXBuildFile; fileRef = 7A6BBD1A2BDAA60B00262690 /* Assets.xcassets */; };
		7A6BBD1E2BDAA60B00262690 /* Base in Resources */ = {isa = PBXBuildFile; fileRef = 7A6BBD1D2BDAA60B00262690 /* Base */; };
		7A6BBD292BDAAAE500262690 /* AppStoryboards.swift in Sources */ = {isa = PBXBuildFile; fileRef = 7A6BBD282BDAAAE500262690 /* AppStoryboards.swift */; };
		7A6BBD2F2BDAAB8F00262690 /* GameViewController.swift in Sources */ = {isa = PBXBuildFile; fileRef = 7A6BBD2E2BDAAB8F00262690 /* GameViewController.swift */; };
		7A6BBD322BDAABFD00262690 /* BaseViewController.swift in Sources */ = {isa = PBXBuildFile; fileRef = 7A6BBD312BDAABFD00262690 /* BaseViewController.swift */; };
		7A6BBD4F2BDAAF7100262690 /* Colors.xcassets in Resources */ = {isa = PBXBuildFile; fileRef = 7A6BBD4E2BDAAF7100262690 /* Colors.xcassets */; };
		7AD3144D2BDAB19D00C54C75 /* Roboto-Bold.ttf in Resources */ = {isa = PBXBuildFile; fileRef = 7AD314412BDAB19C00C54C75 /* Roboto-Bold.ttf */; };
		7AD3144E2BDAB19D00C54C75 /* Roboto-BlackItalic.ttf in Resources */ = {isa = PBXBuildFile; fileRef = 7AD314422BDAB19C00C54C75 /* Roboto-BlackItalic.ttf */; };
		7AD3144F2BDAB19D00C54C75 /* Roboto-Black.ttf in Resources */ = {isa = PBXBuildFile; fileRef = 7AD314432BDAB19C00C54C75 /* Roboto-Black.ttf */; };
		7AD314502BDAB19D00C54C75 /* Roboto-Regular.ttf in Resources */ = {isa = PBXBuildFile; fileRef = 7AD314442BDAB19C00C54C75 /* Roboto-Regular.ttf */; };
		7AD314512BDAB19D00C54C75 /* Roboto-MediumItalic.ttf in Resources */ = {isa = PBXBuildFile; fileRef = 7AD314452BDAB19C00C54C75 /* Roboto-MediumItalic.ttf */; };
		7AD314522BDAB19D00C54C75 /* Roboto-Medium.ttf in Resources */ = {isa = PBXBuildFile; fileRef = 7AD314462BDAB19D00C54C75 /* Roboto-Medium.ttf */; };
		7AD314532BDAB19D00C54C75 /* Roboto-Thin.ttf in Resources */ = {isa = PBXBuildFile; fileRef = 7AD314472BDAB19D00C54C75 /* Roboto-Thin.ttf */; };
		7AD314542BDAB19D00C54C75 /* Roboto-LightItalic.ttf in Resources */ = {isa = PBXBuildFile; fileRef = 7AD314482BDAB19D00C54C75 /* Roboto-LightItalic.ttf */; };
		7AD314552BDAB19D00C54C75 /* Roboto-Light.ttf in Resources */ = {isa = PBXBuildFile; fileRef = 7AD314492BDAB19D00C54C75 /* Roboto-Light.ttf */; };
		7AD314562BDAB19D00C54C75 /* Roboto-Italic.ttf in Resources */ = {isa = PBXBuildFile; fileRef = 7AD3144A2BDAB19D00C54C75 /* Roboto-Italic.ttf */; };
		7AD314572BDAB19D00C54C75 /* Roboto-ThinItalic.ttf in Resources */ = {isa = PBXBuildFile; fileRef = 7AD3144B2BDAB19D00C54C75 /* Roboto-ThinItalic.ttf */; };
		7AD314582BDAB19D00C54C75 /* Roboto-BoldItalic.ttf in Resources */ = {isa = PBXBuildFile; fileRef = 7AD3144C2BDAB19D00C54C75 /* Roboto-BoldItalic.ttf */; };
		7AD8A8462BDC2D5900791DB1 /* LeaderBoardViewController.swift in Sources */ = {isa = PBXBuildFile; fileRef = 7AD8A8452BDC2D5900791DB1 /* LeaderBoardViewController.swift */; };
		7AD8A8482BDC2D8600791DB1 /* LeaderBoardDataSource.swift in Sources */ = {isa = PBXBuildFile; fileRef = 7AD8A8472BDC2D8600791DB1 /* LeaderBoardDataSource.swift */; };
		7AD8A84B2BDC2FA100791DB1 /* LeaderBoardTableViewCell.swift in Sources */ = {isa = PBXBuildFile; fileRef = 7AD8A84A2BDC2FA100791DB1 /* LeaderBoardTableViewCell.swift */; };
		7AD8A84D2BDC370A00791DB1 /* RealmResults.swift in Sources */ = {isa = PBXBuildFile; fileRef = 7AD8A84C2BDC370A00791DB1 /* RealmResults.swift */; };
		7AD8A84F2BDC3BCB00791DB1 /* Date.swift in Sources */ = {isa = PBXBuildFile; fileRef = 7AD8A84E2BDC3BCB00791DB1 /* Date.swift */; };
		A08DD6DDFABA397DB2DBAE97 /* Pods_PathFinder.framework in Frameworks */ = {isa = PBXBuildFile; fileRef = 0E54DDBC04D4C73C6C7AF8AC /* Pods_PathFinder.framework */; };
/* End PBXBuildFile section */

/* Begin PBXFileReference section */
		0E54DDBC04D4C73C6C7AF8AC /* Pods_PathFinder.framework */ = {isa = PBXFileReference; explicitFileType = wrapper.framework; includeInIndex = 0; path = Pods_PathFinder.framework; sourceTree = BUILT_PRODUCTS_DIR; };
		12EE284F5EE557A7AFB8B71B /* Pods-PathFinder.debug.xcconfig */ = {isa = PBXFileReference; includeInIndex = 1; lastKnownFileType = text.xcconfig; name = "Pods-PathFinder.debug.xcconfig"; path = "Target Support Files/Pods-PathFinder/Pods-PathFinder.debug.xcconfig"; sourceTree = "<group>"; };
		7A5CF8E72BDAB4960073A3CE /* GameViewDataSource.swift */ = {isa = PBXFileReference; lastKnownFileType = sourcecode.swift; path = GameViewDataSource.swift; sourceTree = "<group>"; };
		7A5CF8EA2BDAB5FE0073A3CE /* GameCollectionViewCell.swift */ = {isa = PBXFileReference; lastKnownFileType = sourcecode.swift; path = GameCollectionViewCell.swift; sourceTree = "<group>"; };
		7A5CF8EE2BDABD530073A3CE /* UIView.swift */ = {isa = PBXFileReference; lastKnownFileType = sourcecode.swift; path = UIView.swift; sourceTree = "<group>"; };
		7A5CF8F12BDABE110073A3CE /* GameState.swift */ = {isa = PBXFileReference; lastKnownFileType = sourcecode.swift; path = GameState.swift; sourceTree = "<group>"; };
		7A5CF8F72BDB7F710073A3CE /* win-animation.json */ = {isa = PBXFileReference; fileEncoding = 4; lastKnownFileType = text.json; path = "win-animation.json"; sourceTree = "<group>"; };
		7A5CF8FB2BDB86E90073A3CE /* win-animation-2.json */ = {isa = PBXFileReference; fileEncoding = 4; lastKnownFileType = text.json; path = "win-animation-2.json"; sourceTree = "<group>"; };
		7A5CF8FF2BDB908D0073A3CE /* PickingQtyView.swift */ = {isa = PBXFileReference; lastKnownFileType = sourcecode.swift; path = PickingQtyView.swift; sourceTree = "<group>"; };
		7A5CF9012BDB90AD0073A3CE /* PickingQtyXib.xib */ = {isa = PBXFileReference; fileEncoding = 4; lastKnownFileType = file.xib; path = PickingQtyXib.xib; sourceTree = "<group>"; };
		7A5CF9042BDB965D0073A3CE /* GuessGridTableViewController.swift */ = {isa = PBXFileReference; lastKnownFileType = sourcecode.swift; path = GuessGridTableViewController.swift; sourceTree = "<group>"; };
		7A5CF9062BDBA6240073A3CE /* GuessGridContainerVC.swift */ = {isa = PBXFileReference; lastKnownFileType = sourcecode.swift; path = GuessGridContainerVC.swift; sourceTree = "<group>"; };
		7A5CF9082BDBA9C00073A3CE /* HomeViewController.swift */ = {isa = PBXFileReference; lastKnownFileType = sourcecode.swift; path = HomeViewController.swift; sourceTree = "<group>"; };
		7A5CF90A2BDBAD810073A3CE /* GenerateGridVC.swift */ = {isa = PBXFileReference; lastKnownFileType = sourcecode.swift; path = GenerateGridVC.swift; sourceTree = "<group>"; };
		7A5CF90D2BDBC7150073A3CE /* RealmManager.swift */ = {isa = PBXFileReference; lastKnownFileType = sourcecode.swift; path = RealmManager.swift; sourceTree = "<group>"; };
		7A6BBD0E2BDAA60A00262690 /* PathFinder.app */ = {isa = PBXFileReference; explicitFileType = wrapper.application; includeInIndex = 0; path = PathFinder.app; sourceTree = BUILT_PRODUCTS_DIR; };
		7A6BBD112BDAA60A00262690 /* AppDelegate.swift */ = {isa = PBXFileReference; lastKnownFileType = sourcecode.swift; path = AppDelegate.swift; sourceTree = "<group>"; };
		7A6BBD182BDAA60A00262690 /* Base */ = {isa = PBXFileReference; lastKnownFileType = file.storyboard; name = Base; path = Base.lproj/Main.storyboard; sourceTree = "<group>"; };
		7A6BBD1A2BDAA60B00262690 /* Assets.xcassets */ = {isa = PBXFileReference; lastKnownFileType = folder.assetcatalog; path = Assets.xcassets; sourceTree = "<group>"; };
		7A6BBD1D2BDAA60B00262690 /* Base */ = {isa = PBXFileReference; lastKnownFileType = file.storyboard; name = Base; path = Base.lproj/LaunchScreen.storyboard; sourceTree = "<group>"; };
		7A6BBD1F2BDAA60B00262690 /* Info.plist */ = {isa = PBXFileReference; lastKnownFileType = text.plist.xml; path = Info.plist; sourceTree = "<group>"; };
		7A6BBD282BDAAAE500262690 /* AppStoryboards.swift */ = {isa = PBXFileReference; lastKnownFileType = sourcecode.swift; path = AppStoryboards.swift; sourceTree = "<group>"; };
		7A6BBD2E2BDAAB8F00262690 /* GameViewController.swift */ = {isa = PBXFileReference; lastKnownFileType = sourcecode.swift; path = GameViewController.swift; sourceTree = "<group>"; };
		7A6BBD312BDAABFD00262690 /* BaseViewController.swift */ = {isa = PBXFileReference; lastKnownFileType = sourcecode.swift; path = BaseViewController.swift; sourceTree = "<group>"; };
		7A6BBD4E2BDAAF7100262690 /* Colors.xcassets */ = {isa = PBXFileReference; lastKnownFileType = folder.assetcatalog; path = Colors.xcassets; sourceTree = "<group>"; };
		7AD314412BDAB19C00C54C75 /* Roboto-Bold.ttf */ = {isa = PBXFileReference; lastKnownFileType = file; path = "Roboto-Bold.ttf"; sourceTree = "<group>"; };
		7AD314422BDAB19C00C54C75 /* Roboto-BlackItalic.ttf */ = {isa = PBXFileReference; lastKnownFileType = file; path = "Roboto-BlackItalic.ttf"; sourceTree = "<group>"; };
		7AD314432BDAB19C00C54C75 /* Roboto-Black.ttf */ = {isa = PBXFileReference; lastKnownFileType = file; path = "Roboto-Black.ttf"; sourceTree = "<group>"; };
		7AD314442BDAB19C00C54C75 /* Roboto-Regular.ttf */ = {isa = PBXFileReference; lastKnownFileType = file; path = "Roboto-Regular.ttf"; sourceTree = "<group>"; };
		7AD314452BDAB19C00C54C75 /* Roboto-MediumItalic.ttf */ = {isa = PBXFileReference; lastKnownFileType = file; path = "Roboto-MediumItalic.ttf"; sourceTree = "<group>"; };
		7AD314462BDAB19D00C54C75 /* Roboto-Medium.ttf */ = {isa = PBXFileReference; lastKnownFileType = file; path = "Roboto-Medium.ttf"; sourceTree = "<group>"; };
		7AD314472BDAB19D00C54C75 /* Roboto-Thin.ttf */ = {isa = PBXFileReference; lastKnownFileType = file; path = "Roboto-Thin.ttf"; sourceTree = "<group>"; };
		7AD314482BDAB19D00C54C75 /* Roboto-LightItalic.ttf */ = {isa = PBXFileReference; lastKnownFileType = file; path = "Roboto-LightItalic.ttf"; sourceTree = "<group>"; };
		7AD314492BDAB19D00C54C75 /* Roboto-Light.ttf */ = {isa = PBXFileReference; lastKnownFileType = file; path = "Roboto-Light.ttf"; sourceTree = "<group>"; };
		7AD3144A2BDAB19D00C54C75 /* Roboto-Italic.ttf */ = {isa = PBXFileReference; lastKnownFileType = file; path = "Roboto-Italic.ttf"; sourceTree = "<group>"; };
		7AD3144B2BDAB19D00C54C75 /* Roboto-ThinItalic.ttf */ = {isa = PBXFileReference; lastKnownFileType = file; path = "Roboto-ThinItalic.ttf"; sourceTree = "<group>"; };
		7AD3144C2BDAB19D00C54C75 /* Roboto-BoldItalic.ttf */ = {isa = PBXFileReference; lastKnownFileType = file; path = "Roboto-BoldItalic.ttf"; sourceTree = "<group>"; };
		7AD8A8452BDC2D5900791DB1 /* LeaderBoardViewController.swift */ = {isa = PBXFileReference; lastKnownFileType = sourcecode.swift; path = LeaderBoardViewController.swift; sourceTree = "<group>"; };
		7AD8A8472BDC2D8600791DB1 /* LeaderBoardDataSource.swift */ = {isa = PBXFileReference; lastKnownFileType = sourcecode.swift; path = LeaderBoardDataSource.swift; sourceTree = "<group>"; };
		7AD8A84A2BDC2FA100791DB1 /* LeaderBoardTableViewCell.swift */ = {isa = PBXFileReference; lastKnownFileType = sourcecode.swift; path = LeaderBoardTableViewCell.swift; sourceTree = "<group>"; };
		7AD8A84C2BDC370A00791DB1 /* RealmResults.swift */ = {isa = PBXFileReference; lastKnownFileType = sourcecode.swift; path = RealmResults.swift; sourceTree = "<group>"; };
		7AD8A84E2BDC3BCB00791DB1 /* Date.swift */ = {isa = PBXFileReference; lastKnownFileType = sourcecode.swift; path = Date.swift; sourceTree = "<group>"; };
		C0F82417315A3ACAC16FD55C /* Pods-PathFinder.release.xcconfig */ = {isa = PBXFileReference; includeInIndex = 1; lastKnownFileType = text.xcconfig; name = "Pods-PathFinder.release.xcconfig"; path = "Target Support Files/Pods-PathFinder/Pods-PathFinder.release.xcconfig"; sourceTree = "<group>"; };
/* End PBXFileReference section */

/* Begin PBXFrameworksBuildPhase section */
		7A6BBD0B2BDAA60A00262690 /* Frameworks */ = {
			isa = PBXFrameworksBuildPhase;
			buildActionMask = 2147483647;
			files = (
				A08DD6DDFABA397DB2DBAE97 /* Pods_PathFinder.framework in Frameworks */,
			);
			runOnlyForDeploymentPostprocessing = 0;
		};
/* End PBXFrameworksBuildPhase section */

/* Begin PBXGroup section */
		7A5CF8E92BDAB5DE0073A3CE /* CustomCells */ = {
			isa = PBXGroup;
			children = (
				7A5CF8EA2BDAB5FE0073A3CE /* GameCollectionViewCell.swift */,
			);
			path = CustomCells;
			sourceTree = "<group>";
		};
		7A5CF8ED2BDABD410073A3CE /* Extensions */ = {
			isa = PBXGroup;
			children = (
				7A5CF8EE2BDABD530073A3CE /* UIView.swift */,
				7AD8A84C2BDC370A00791DB1 /* RealmResults.swift */,
				7AD8A84E2BDC3BCB00791DB1 /* Date.swift */,
			);
			path = Extensions;
			sourceTree = "<group>";
		};
		7A5CF8F02BDABE040073A3CE /* Models */ = {
			isa = PBXGroup;
			children = (
				7A5CF8F12BDABE110073A3CE /* GameState.swift */,
			);
			path = Models;
			sourceTree = "<group>";
		};
		7A5CF8F62BDB7F660073A3CE /* Lotties */ = {
			isa = PBXGroup;
			children = (
				7A5CF8F72BDB7F710073A3CE /* win-animation.json */,
				7A5CF8FB2BDB86E90073A3CE /* win-animation-2.json */,
			);
			path = Lotties;
			sourceTree = "<group>";
		};
		7A5CF8FD2BDB905B0073A3CE /* HomeView */ = {
			isa = PBXGroup;
			children = (
				7A5CF9032BDB96190073A3CE /* EmbedViews */,
				7A5CF8FE2BDB90650073A3CE /* CustomViews */,
				7A5CF9082BDBA9C00073A3CE /* HomeViewController.swift */,
			);
			path = HomeView;
			sourceTree = "<group>";
		};
		7A5CF8FE2BDB90650073A3CE /* CustomViews */ = {
			isa = PBXGroup;
			children = (
				7A5CF8FF2BDB908D0073A3CE /* PickingQtyView.swift */,
				7A5CF9012BDB90AD0073A3CE /* PickingQtyXib.xib */,
			);
			path = CustomViews;
			sourceTree = "<group>";
		};
		7A5CF9032BDB96190073A3CE /* EmbedViews */ = {
			isa = PBXGroup;
			children = (
				7A5CF9042BDB965D0073A3CE /* GuessGridTableViewController.swift */,
				7A5CF9062BDBA6240073A3CE /* GuessGridContainerVC.swift */,
				7A5CF90A2BDBAD810073A3CE /* GenerateGridVC.swift */,
			);
			path = EmbedViews;
			sourceTree = "<group>";
		};
		7A5CF90C2BDBC70B0073A3CE /* Classes */ = {
			isa = PBXGroup;
			children = (
				7A5CF90D2BDBC7150073A3CE /* RealmManager.swift */,
			);
			path = Classes;
			sourceTree = "<group>";
		};
		7A6BBD052BDAA60A00262690 = {
			isa = PBXGroup;
			children = (
				7A6BBD102BDAA60A00262690 /* PathFinder */,
				7A6BBD0F2BDAA60A00262690 /* Products */,
				8DF87687BF97CD39014932FD /* Pods */,
				AB3163E6A6262200DC67CD43 /* Frameworks */,
			);
			sourceTree = "<group>";
		};
		7A6BBD0F2BDAA60A00262690 /* Products */ = {
			isa = PBXGroup;
			children = (
				7A6BBD0E2BDAA60A00262690 /* PathFinder.app */,
			);
			name = Products;
			sourceTree = "<group>";
		};
		7A6BBD102BDAA60A00262690 /* PathFinder */ = {
			isa = PBXGroup;
			children = (
				7A5CF8F02BDABE040073A3CE /* Models */,
				7A6BBD252BDAA8A400262690 /* Application */,
				7A6BBD332BDAAE8600262690 /* Resource */,
				7A6BBD2B2BDAAB4E00262690 /* Views */,
				7A6BBD262BDAAAC500262690 /* Helpers */,
				7A6BBD172BDAA60A00262690 /* Main.storyboard */,
			);
			path = PathFinder;
			sourceTree = "<group>";
		};
		7A6BBD252BDAA8A400262690 /* Application */ = {
			isa = PBXGroup;
			children = (
				7A6BBD1F2BDAA60B00262690 /* Info.plist */,
				7A6BBD1C2BDAA60B00262690 /* LaunchScreen.storyboard */,
				7A6BBD112BDAA60A00262690 /* AppDelegate.swift */,
			);
			path = Application;
			sourceTree = "<group>";
		};
		7A6BBD262BDAAAC500262690 /* Helpers */ = {
			isa = PBXGroup;
			children = (
				7A5CF90C2BDBC70B0073A3CE /* Classes */,
				7A5CF8ED2BDABD410073A3CE /* Extensions */,
				7A6BBD302BDAABF200262690 /* Common */,
				7A6BBD272BDAAACC00262690 /* StoryBoards */,
			);
			path = Helpers;
			sourceTree = "<group>";
		};
		7A6BBD272BDAAACC00262690 /* StoryBoards */ = {
			isa = PBXGroup;
			children = (
				7A6BBD282BDAAAE500262690 /* AppStoryboards.swift */,
			);
			path = StoryBoards;
			sourceTree = "<group>";
		};
		7A6BBD2B2BDAAB4E00262690 /* Views */ = {
			isa = PBXGroup;
			children = (
				7AD8A8442BDC265400791DB1 /* LeaderBoardView */,
				7A5CF8FD2BDB905B0073A3CE /* HomeView */,
				7A6BBD2C2BDAAB6E00262690 /* GameView */,
			);
			path = Views;
			sourceTree = "<group>";
		};
		7A6BBD2C2BDAAB6E00262690 /* GameView */ = {
			isa = PBXGroup;
			children = (
				7A5CF8E92BDAB5DE0073A3CE /* CustomCells */,
				7A6BBD2E2BDAAB8F00262690 /* GameViewController.swift */,
				7A5CF8E72BDAB4960073A3CE /* GameViewDataSource.swift */,
			);
			path = GameView;
			sourceTree = "<group>";
		};
		7A6BBD302BDAABF200262690 /* Common */ = {
			isa = PBXGroup;
			children = (
				7A6BBD312BDAABFD00262690 /* BaseViewController.swift */,
			);
			path = Common;
			sourceTree = "<group>";
		};
		7A6BBD332BDAAE8600262690 /* Resource */ = {
			isa = PBXGroup;
			children = (
				7A5CF8F62BDB7F660073A3CE /* Lotties */,
				7A6BBD342BDAAEA300262690 /* Fonts */,
				7A6BBD1A2BDAA60B00262690 /* Assets.xcassets */,
				7A6BBD4E2BDAAF7100262690 /* Colors.xcassets */,
			);
			path = Resource;
			sourceTree = "<group>";
		};
		7A6BBD342BDAAEA300262690 /* Fonts */ = {
			isa = PBXGroup;
			children = (
				7A6BBD352BDAAEB600262690 /* Roboto */,
			);
			path = Fonts;
			sourceTree = "<group>";
		};
		7A6BBD352BDAAEB600262690 /* Roboto */ = {
			isa = PBXGroup;
			children = (
				7AD314432BDAB19C00C54C75 /* Roboto-Black.ttf */,
				7AD314422BDAB19C00C54C75 /* Roboto-BlackItalic.ttf */,
				7AD314412BDAB19C00C54C75 /* Roboto-Bold.ttf */,
				7AD3144C2BDAB19D00C54C75 /* Roboto-BoldItalic.ttf */,
				7AD3144A2BDAB19D00C54C75 /* Roboto-Italic.ttf */,
				7AD314492BDAB19D00C54C75 /* Roboto-Light.ttf */,
				7AD314482BDAB19D00C54C75 /* Roboto-LightItalic.ttf */,
				7AD314462BDAB19D00C54C75 /* Roboto-Medium.ttf */,
				7AD314452BDAB19C00C54C75 /* Roboto-MediumItalic.ttf */,
				7AD314442BDAB19C00C54C75 /* Roboto-Regular.ttf */,
				7AD314472BDAB19D00C54C75 /* Roboto-Thin.ttf */,
				7AD3144B2BDAB19D00C54C75 /* Roboto-ThinItalic.ttf */,
			);
			path = Roboto;
			sourceTree = "<group>";
		};
		7AD8A8442BDC265400791DB1 /* LeaderBoardView */ = {
			isa = PBXGroup;
			children = (
				7AD8A8492BDC2F7600791DB1 /* CustomCells */,
				7AD8A8452BDC2D5900791DB1 /* LeaderBoardViewController.swift */,
				7AD8A8472BDC2D8600791DB1 /* LeaderBoardDataSource.swift */,
			);
			path = LeaderBoardView;
			sourceTree = "<group>";
		};
		7AD8A8492BDC2F7600791DB1 /* CustomCells */ = {
			isa = PBXGroup;
			children = (
				7AD8A84A2BDC2FA100791DB1 /* LeaderBoardTableViewCell.swift */,
			);
			path = CustomCells;
			sourceTree = "<group>";
		};
		8DF87687BF97CD39014932FD /* Pods */ = {
			isa = PBXGroup;
			children = (
				12EE284F5EE557A7AFB8B71B /* Pods-PathFinder.debug.xcconfig */,
				C0F82417315A3ACAC16FD55C /* Pods-PathFinder.release.xcconfig */,
			);
			path = Pods;
			sourceTree = "<group>";
		};
		AB3163E6A6262200DC67CD43 /* Frameworks */ = {
			isa = PBXGroup;
			children = (
				0E54DDBC04D4C73C6C7AF8AC /* Pods_PathFinder.framework */,
			);
			name = Frameworks;
			sourceTree = "<group>";
		};
/* End PBXGroup section */

/* Begin PBXNativeTarget section */
		7A6BBD0D2BDAA60A00262690 /* PathFinder */ = {
			isa = PBXNativeTarget;
			buildConfigurationList = 7A6BBD222BDAA60B00262690 /* Build configuration list for PBXNativeTarget "PathFinder" */;
			buildPhases = (
				CFB0843DBD1FAB49EA24DF26 /* [CP] Check Pods Manifest.lock */,
				7A6BBD0A2BDAA60A00262690 /* Sources */,
				7A6BBD0B2BDAA60A00262690 /* Frameworks */,
				7A6BBD0C2BDAA60A00262690 /* Resources */,
				6BD0B4961F7DE47EC224DEB5 /* [CP] Embed Pods Frameworks */,
			);
			buildRules = (
			);
			dependencies = (
			);
			name = PathFinder;
			productName = PathFinder;
			productReference = 7A6BBD0E2BDAA60A00262690 /* PathFinder.app */;
			productType = "com.apple.product-type.application";
		};
/* End PBXNativeTarget section */

/* Begin PBXProject section */
		7A6BBD062BDAA60A00262690 /* Project object */ = {
			isa = PBXProject;
			attributes = {
				BuildIndependentTargetsInParallel = 1;
				LastSwiftUpdateCheck = 1530;
				LastUpgradeCheck = 1530;
				TargetAttributes = {
					7A6BBD0D2BDAA60A00262690 = {
						CreatedOnToolsVersion = 15.3;
					};
				};
			};
			buildConfigurationList = 7A6BBD092BDAA60A00262690 /* Build configuration list for PBXProject "PathFinder" */;
			compatibilityVersion = "Xcode 14.0";
			developmentRegion = en;
			hasScannedForEncodings = 0;
			knownRegions = (
				en,
				Base,
			);
			mainGroup = 7A6BBD052BDAA60A00262690;
			productRefGroup = 7A6BBD0F2BDAA60A00262690 /* Products */;
			projectDirPath = "";
			projectRoot = "";
			targets = (
				7A6BBD0D2BDAA60A00262690 /* PathFinder */,
			);
		};
/* End PBXProject section */

/* Begin PBXResourcesBuildPhase section */
		7A6BBD0C2BDAA60A00262690 /* Resources */ = {
			isa = PBXResourcesBuildPhase;
			buildActionMask = 2147483647;
			files = (
				7AD314572BDAB19D00C54C75 /* Roboto-ThinItalic.ttf in Resources */,
				7AD314522BDAB19D00C54C75 /* Roboto-Medium.ttf in Resources */,
				7A6BBD1B2BDAA60B00262690 /* Assets.xcassets in Resources */,
				7AD314542BDAB19D00C54C75 /* Roboto-LightItalic.ttf in Resources */,
				7A5CF8F82BDB7F710073A3CE /* win-animation.json in Resources */,
				7AD3144E2BDAB19D00C54C75 /* Roboto-BlackItalic.ttf in Resources */,
				7AD314502BDAB19D00C54C75 /* Roboto-Regular.ttf in Resources */,
				7AD314532BDAB19D00C54C75 /* Roboto-Thin.ttf in Resources */,
				7A6BBD1E2BDAA60B00262690 /* Base in Resources */,
				7A5CF9022BDB90AD0073A3CE /* PickingQtyXib.xib in Resources */,
				7AD3144D2BDAB19D00C54C75 /* Roboto-Bold.ttf in Resources */,
				7AD3144F2BDAB19D00C54C75 /* Roboto-Black.ttf in Resources */,
				7AD314582BDAB19D00C54C75 /* Roboto-BoldItalic.ttf in Resources */,
				7AD314552BDAB19D00C54C75 /* Roboto-Light.ttf in Resources */,
				7A6BBD4F2BDAAF7100262690 /* Colors.xcassets in Resources */,
				7AD314562BDAB19D00C54C75 /* Roboto-Italic.ttf in Resources */,
				7AD314512BDAB19D00C54C75 /* Roboto-MediumItalic.ttf in Resources */,
				7A5CF8FC2BDB86E90073A3CE /* win-animation-2.json in Resources */,
				7A6BBD192BDAA60A00262690 /* Base in Resources */,
			);
			runOnlyForDeploymentPostprocessing = 0;
		};
/* End PBXResourcesBuildPhase section */

/* Begin PBXShellScriptBuildPhase section */
		6BD0B4961F7DE47EC224DEB5 /* [CP] Embed Pods Frameworks */ = {
			isa = PBXShellScriptBuildPhase;
			buildActionMask = 2147483647;
			files = (
			);
			inputFileListPaths = (
				"${PODS_ROOT}/Target Support Files/Pods-PathFinder/Pods-PathFinder-frameworks-${CONFIGURATION}-input-files.xcfilelist",
			);
			name = "[CP] Embed Pods Frameworks";
			outputFileListPaths = (
				"${PODS_ROOT}/Target Support Files/Pods-PathFinder/Pods-PathFinder-frameworks-${CONFIGURATION}-output-files.xcfilelist",
			);
			runOnlyForDeploymentPostprocessing = 0;
			shellPath = /bin/sh;
			shellScript = "\"${PODS_ROOT}/Target Support Files/Pods-PathFinder/Pods-PathFinder-frameworks.sh\"\n";
			showEnvVarsInLog = 0;
		};
		CFB0843DBD1FAB49EA24DF26 /* [CP] Check Pods Manifest.lock */ = {
			isa = PBXShellScriptBuildPhase;
			buildActionMask = 2147483647;
			files = (
			);
			inputFileListPaths = (
			);
			inputPaths = (
				"${PODS_PODFILE_DIR_PATH}/Podfile.lock",
				"${PODS_ROOT}/Manifest.lock",
			);
			name = "[CP] Check Pods Manifest.lock";
			outputFileListPaths = (
			);
			outputPaths = (
				"$(DERIVED_FILE_DIR)/Pods-PathFinder-checkManifestLockResult.txt",
			);
			runOnlyForDeploymentPostprocessing = 0;
			shellPath = /bin/sh;
			shellScript = "diff \"${PODS_PODFILE_DIR_PATH}/Podfile.lock\" \"${PODS_ROOT}/Manifest.lock\" > /dev/null\nif [ $? != 0 ] ; then\n    # print error to STDERR\n    echo \"error: The sandbox is not in sync with the Podfile.lock. Run 'pod install' or update your CocoaPods installation.\" >&2\n    exit 1\nfi\n# This output is used by Xcode 'outputs' to avoid re-running this script phase.\necho \"SUCCESS\" > \"${SCRIPT_OUTPUT_FILE_0}\"\n";
			showEnvVarsInLog = 0;
		};
/* End PBXShellScriptBuildPhase section */

/* Begin PBXSourcesBuildPhase section */
		7A6BBD0A2BDAA60A00262690 /* Sources */ = {
			isa = PBXSourcesBuildPhase;
			buildActionMask = 2147483647;
			files = (
				7A6BBD322BDAABFD00262690 /* BaseViewController.swift in Sources */,
				7A6BBD2F2BDAAB8F00262690 /* GameViewController.swift in Sources */,
				7AD8A84D2BDC370A00791DB1 /* RealmResults.swift in Sources */,
				7A5CF9002BDB908D0073A3CE /* PickingQtyView.swift in Sources */,
				7A5CF8EB2BDAB5FE0073A3CE /* GameCollectionViewCell.swift in Sources */,
				7AD8A8462BDC2D5900791DB1 /* LeaderBoardViewController.swift in Sources */,
				7A5CF8EF2BDABD530073A3CE /* UIView.swift in Sources */,
				7AD8A8482BDC2D8600791DB1 /* LeaderBoardDataSource.swift in Sources */,
				7A5CF90E2BDBC7150073A3CE /* RealmManager.swift in Sources */,
				7A5CF8E82BDAB4960073A3CE /* GameViewDataSource.swift in Sources */,
				7A5CF9072BDBA6240073A3CE /* GuessGridContainerVC.swift in Sources */,
				7A5CF90B2BDBAD810073A3CE /* GenerateGridVC.swift in Sources */,
				7A5CF8F22BDABE110073A3CE /* GameState.swift in Sources */,
				7A6BBD122BDAA60A00262690 /* AppDelegate.swift in Sources */,
				7A6BBD292BDAAAE500262690 /* AppStoryboards.swift in Sources */,
				7AD8A84B2BDC2FA100791DB1 /* LeaderBoardTableViewCell.swift in Sources */,
				7AD8A84F2BDC3BCB00791DB1 /* Date.swift in Sources */,
				7A5CF9052BDB965D0073A3CE /* GuessGridTableViewController.swift in Sources */,
				7A5CF9092BDBA9C00073A3CE /* HomeViewController.swift in Sources */,
			);
			runOnlyForDeploymentPostprocessing = 0;
		};
/* End PBXSourcesBuildPhase section */

/* Begin PBXVariantGroup section */
		7A6BBD172BDAA60A00262690 /* Main.storyboard */ = {
			isa = PBXVariantGroup;
			children = (
				7A6BBD182BDAA60A00262690 /* Base */,
			);
			name = Main.storyboard;
			sourceTree = "<group>";
		};
		7A6BBD1C2BDAA60B00262690 /* LaunchScreen.storyboard */ = {
			isa = PBXVariantGroup;
			children = (
				7A6BBD1D2BDAA60B00262690 /* Base */,
			);
			name = LaunchScreen.storyboard;
			sourceTree = "<group>";
		};
/* End PBXVariantGroup section */

/* Begin XCBuildConfiguration section */
		7A6BBD202BDAA60B00262690 /* Debug */ = {
			isa = XCBuildConfiguration;
			buildSettings = {
				ALWAYS_SEARCH_USER_PATHS = NO;
				ASSETCATALOG_COMPILER_GENERATE_SWIFT_ASSET_SYMBOL_EXTENSIONS = YES;
				CLANG_ANALYZER_NONNULL = YES;
				CLANG_ANALYZER_NUMBER_OBJECT_CONVERSION = YES_AGGRESSIVE;
				CLANG_CXX_LANGUAGE_STANDARD = "gnu++20";
				CLANG_ENABLE_MODULES = YES;
				CLANG_ENABLE_OBJC_ARC = YES;
				CLANG_ENABLE_OBJC_WEAK = YES;
				CLANG_WARN_BLOCK_CAPTURE_AUTORELEASING = YES;
				CLANG_WARN_BOOL_CONVERSION = YES;
				CLANG_WARN_COMMA = YES;
				CLANG_WARN_CONSTANT_CONVERSION = YES;
				CLANG_WARN_DEPRECATED_OBJC_IMPLEMENTATIONS = YES;
				CLANG_WARN_DIRECT_OBJC_ISA_USAGE = YES_ERROR;
				CLANG_WARN_DOCUMENTATION_COMMENTS = YES;
				CLANG_WARN_EMPTY_BODY = YES;
				CLANG_WARN_ENUM_CONVERSION = YES;
				CLANG_WARN_INFINITE_RECURSION = YES;
				CLANG_WARN_INT_CONVERSION = YES;
				CLANG_WARN_NON_LITERAL_NULL_CONVERSION = YES;
				CLANG_WARN_OBJC_IMPLICIT_RETAIN_SELF = YES;
				CLANG_WARN_OBJC_LITERAL_CONVERSION = YES;
				CLANG_WARN_OBJC_ROOT_CLASS = YES_ERROR;
				CLANG_WARN_QUOTED_INCLUDE_IN_FRAMEWORK_HEADER = YES;
				CLANG_WARN_RANGE_LOOP_ANALYSIS = YES;
				CLANG_WARN_STRICT_PROTOTYPES = YES;
				CLANG_WARN_SUSPICIOUS_MOVE = YES;
				CLANG_WARN_UNGUARDED_AVAILABILITY = YES_AGGRESSIVE;
				CLANG_WARN_UNREACHABLE_CODE = YES;
				CLANG_WARN__DUPLICATE_METHOD_MATCH = YES;
				COPY_PHASE_STRIP = NO;
				DEBUG_INFORMATION_FORMAT = dwarf;
				ENABLE_STRICT_OBJC_MSGSEND = YES;
				ENABLE_TESTABILITY = YES;
				ENABLE_USER_SCRIPT_SANDBOXING = YES;
				GCC_C_LANGUAGE_STANDARD = gnu17;
				GCC_DYNAMIC_NO_PIC = NO;
				GCC_NO_COMMON_BLOCKS = YES;
				GCC_OPTIMIZATION_LEVEL = 0;
				GCC_PREPROCESSOR_DEFINITIONS = (
					"DEBUG=1",
					"$(inherited)",
				);
				GCC_WARN_64_TO_32_BIT_CONVERSION = YES;
				GCC_WARN_ABOUT_RETURN_TYPE = YES_ERROR;
				GCC_WARN_UNDECLARED_SELECTOR = YES;
				GCC_WARN_UNINITIALIZED_AUTOS = YES_AGGRESSIVE;
				GCC_WARN_UNUSED_FUNCTION = YES;
				GCC_WARN_UNUSED_VARIABLE = YES;
				IPHONEOS_DEPLOYMENT_TARGET = 17.4;
				LOCALIZATION_PREFERS_STRING_CATALOGS = YES;
				MTL_ENABLE_DEBUG_INFO = INCLUDE_SOURCE;
				MTL_FAST_MATH = YES;
				ONLY_ACTIVE_ARCH = YES;
				SDKROOT = iphoneos;
				SWIFT_ACTIVE_COMPILATION_CONDITIONS = "DEBUG $(inherited)";
				SWIFT_OPTIMIZATION_LEVEL = "-Onone";
			};
			name = Debug;
		};
		7A6BBD212BDAA60B00262690 /* Release */ = {
			isa = XCBuildConfiguration;
			buildSettings = {
				ALWAYS_SEARCH_USER_PATHS = NO;
				ASSETCATALOG_COMPILER_GENERATE_SWIFT_ASSET_SYMBOL_EXTENSIONS = YES;
				CLANG_ANALYZER_NONNULL = YES;
				CLANG_ANALYZER_NUMBER_OBJECT_CONVERSION = YES_AGGRESSIVE;
				CLANG_CXX_LANGUAGE_STANDARD = "gnu++20";
				CLANG_ENABLE_MODULES = YES;
				CLANG_ENABLE_OBJC_ARC = YES;
				CLANG_ENABLE_OBJC_WEAK = YES;
				CLANG_WARN_BLOCK_CAPTURE_AUTORELEASING = YES;
				CLANG_WARN_BOOL_CONVERSION = YES;
				CLANG_WARN_COMMA = YES;
				CLANG_WARN_CONSTANT_CONVERSION = YES;
				CLANG_WARN_DEPRECATED_OBJC_IMPLEMENTATIONS = YES;
				CLANG_WARN_DIRECT_OBJC_ISA_USAGE = YES_ERROR;
				CLANG_WARN_DOCUMENTATION_COMMENTS = YES;
				CLANG_WARN_EMPTY_BODY = YES;
				CLANG_WARN_ENUM_CONVERSION = YES;
				CLANG_WARN_INFINITE_RECURSION = YES;
				CLANG_WARN_INT_CONVERSION = YES;
				CLANG_WARN_NON_LITERAL_NULL_CONVERSION = YES;
				CLANG_WARN_OBJC_IMPLICIT_RETAIN_SELF = YES;
				CLANG_WARN_OBJC_LITERAL_CONVERSION = YES;
				CLANG_WARN_OBJC_ROOT_CLASS = YES_ERROR;
				CLANG_WARN_QUOTED_INCLUDE_IN_FRAMEWORK_HEADER = YES;
				CLANG_WARN_RANGE_LOOP_ANALYSIS = YES;
				CLANG_WARN_STRICT_PROTOTYPES = YES;
				CLANG_WARN_SUSPICIOUS_MOVE = YES;
				CLANG_WARN_UNGUARDED_AVAILABILITY = YES_AGGRESSIVE;
				CLANG_WARN_UNREACHABLE_CODE = YES;
				CLANG_WARN__DUPLICATE_METHOD_MATCH = YES;
				COPY_PHASE_STRIP = NO;
				DEBUG_INFORMATION_FORMAT = "dwarf-with-dsym";
				ENABLE_NS_ASSERTIONS = NO;
				ENABLE_STRICT_OBJC_MSGSEND = YES;
				ENABLE_USER_SCRIPT_SANDBOXING = YES;
				GCC_C_LANGUAGE_STANDARD = gnu17;
				GCC_NO_COMMON_BLOCKS = YES;
				GCC_WARN_64_TO_32_BIT_CONVERSION = YES;
				GCC_WARN_ABOUT_RETURN_TYPE = YES_ERROR;
				GCC_WARN_UNDECLARED_SELECTOR = YES;
				GCC_WARN_UNINITIALIZED_AUTOS = YES_AGGRESSIVE;
				GCC_WARN_UNUSED_FUNCTION = YES;
				GCC_WARN_UNUSED_VARIABLE = YES;
				IPHONEOS_DEPLOYMENT_TARGET = 17.4;
				LOCALIZATION_PREFERS_STRING_CATALOGS = YES;
				MTL_ENABLE_DEBUG_INFO = NO;
				MTL_FAST_MATH = YES;
				SDKROOT = iphoneos;
				SWIFT_COMPILATION_MODE = wholemodule;
				VALIDATE_PRODUCT = YES;
			};
			name = Release;
		};
		7A6BBD232BDAA60B00262690 /* Debug */ = {
			isa = XCBuildConfiguration;
			baseConfigurationReference = 12EE284F5EE557A7AFB8B71B /* Pods-PathFinder.debug.xcconfig */;
			buildSettings = {
				ASSETCATALOG_COMPILER_APPICON_NAME = AppIcon;
				ASSETCATALOG_COMPILER_GLOBAL_ACCENT_COLOR_NAME = AccentColor;
				CODE_SIGN_STYLE = Automatic;
				CURRENT_PROJECT_VERSION = 1;
				DEVELOPMENT_TEAM = Z2D3W88VKU;
				ENABLE_USER_SCRIPT_SANDBOXING = NO;
				GENERATE_INFOPLIST_FILE = YES;
				INFOPLIST_FILE = PathFinder/Application/Info.plist;
				INFOPLIST_KEY_UIApplicationSupportsIndirectInputEvents = YES;
				INFOPLIST_KEY_UILaunchStoryboardName = LaunchScreen;
				INFOPLIST_KEY_UIMainStoryboardFile = Main;
				INFOPLIST_KEY_UISupportedInterfaceOrientations_iPad = "UIInterfaceOrientationPortrait UIInterfaceOrientationPortraitUpsideDown UIInterfaceOrientationLandscapeLeft UIInterfaceOrientationLandscapeRight";
				INFOPLIST_KEY_UISupportedInterfaceOrientations_iPhone = "UIInterfaceOrientationPortrait UIInterfaceOrientationLandscapeLeft UIInterfaceOrientationLandscapeRight";
				LD_RUNPATH_SEARCH_PATHS = (
					"$(inherited)",
					"@executable_path/Frameworks",
				);
				MARKETING_VERSION = 1.0;
				PRODUCT_BUNDLE_IDENTIFIER = com.sahan.PathFinder;
				PRODUCT_NAME = "$(TARGET_NAME)";
				SWIFT_EMIT_LOC_STRINGS = YES;
				SWIFT_VERSION = 5.0;
				TARGETED_DEVICE_FAMILY = "1,2";
			};
			name = Debug;
		};
		7A6BBD242BDAA60B00262690 /* Release */ = {
			isa = XCBuildConfiguration;
			baseConfigurationReference = C0F82417315A3ACAC16FD55C /* Pods-PathFinder.release.xcconfig */;
			buildSettings = {
				ASSETCATALOG_COMPILER_APPICON_NAME = AppIcon;
				ASSETCATALOG_COMPILER_GLOBAL_ACCENT_COLOR_NAME = AccentColor;
				CODE_SIGN_STYLE = Automatic;
				CURRENT_PROJECT_VERSION = 1;
				DEVELOPMENT_TEAM = Z2D3W88VKU;
				ENABLE_USER_SCRIPT_SANDBOXING = NO;
				GENERATE_INFOPLIST_FILE = YES;
				INFOPLIST_FILE = PathFinder/Application/Info.plist;
				INFOPLIST_KEY_UIApplicationSupportsIndirectInputEvents = YES;
				INFOPLIST_KEY_UILaunchStoryboardName = LaunchScreen;
				INFOPLIST_KEY_UIMainStoryboardFile = Main;
				INFOPLIST_KEY_UISupportedInterfaceOrientations_iPad = "UIInterfaceOrientationPortrait UIInterfaceOrientationPortraitUpsideDown UIInterfaceOrientationLandscapeLeft UIInterfaceOrientationLandscapeRight";
				INFOPLIST_KEY_UISupportedInterfaceOrientations_iPhone = "UIInterfaceOrientationPortrait UIInterfaceOrientationLandscapeLeft UIInterfaceOrientationLandscapeRight";
				LD_RUNPATH_SEARCH_PATHS = (
					"$(inherited)",
					"@executable_path/Frameworks",
				);
				MARKETING_VERSION = 1.0;
				PRODUCT_BUNDLE_IDENTIFIER = com.sahan.PathFinder;
				PRODUCT_NAME = "$(TARGET_NAME)";
				SWIFT_EMIT_LOC_STRINGS = YES;
				SWIFT_VERSION = 5.0;
				TARGETED_DEVICE_FAMILY = "1,2";
			};
			name = Release;
		};
/* End XCBuildConfiguration section */

/* Begin XCConfigurationList section */
		7A6BBD092BDAA60A00262690 /* Build configuration list for PBXProject "PathFinder" */ = {
			isa = XCConfigurationList;
			buildConfigurations = (
				7A6BBD202BDAA60B00262690 /* Debug */,
				7A6BBD212BDAA60B00262690 /* Release */,
			);
			defaultConfigurationIsVisible = 0;
			defaultConfigurationName = Release;
		};
		7A6BBD222BDAA60B00262690 /* Build configuration list for PBXNativeTarget "PathFinder" */ = {
			isa = XCConfigurationList;
			buildConfigurations = (
				7A6BBD232BDAA60B00262690 /* Debug */,
				7A6BBD242BDAA60B00262690 /* Release */,
			);
			defaultConfigurationIsVisible = 0;
			defaultConfigurationName = Release;
		};
/* End XCConfigurationList section */
	};
	rootObject = 7A6BBD062BDAA60A00262690 /* Project object */;
}
